// !$*UTF8*$!
{
	archiveVersion = 1;
	classes = {
	};
	objectVersion = 55;
	objects = {

/* Begin PBXBuildFile section */
		5097A0CE2846E42800565777 /* AppDelegate.swift in Sources */ = {isa = PBXBuildFile; fileRef = 5097A0CD2846E42800565777 /* AppDelegate.swift */; };
		5097A0D02846E42800565777 /* SceneDelegate.swift in Sources */ = {isa = PBXBuildFile; fileRef = 5097A0CF2846E42800565777 /* SceneDelegate.swift */; };
		5097A0D22846E42800565777 /* ViewController.swift in Sources */ = {isa = PBXBuildFile; fileRef = 5097A0D12846E42800565777 /* ViewController.swift */; };
		5097A0D52846E42800565777 /* Main.storyboard in Resources */ = {isa = PBXBuildFile; fileRef = 5097A0D32846E42800565777 /* Main.storyboard */; };
		5097A0D72846E42900565777 /* Assets.xcassets in Resources */ = {isa = PBXBuildFile; fileRef = 5097A0D62846E42900565777 /* Assets.xcassets */; };
		5097A0DA2846E42900565777 /* LaunchScreen.storyboard in Resources */ = {isa = PBXBuildFile; fileRef = 5097A0D82846E42900565777 /* LaunchScreen.storyboard */; };
		8EA238FB2846F76E0001AEDA /* planta.png in Resources */ = {isa = PBXBuildFile; fileRef = 8EA238F62846F76D0001AEDA /* planta.png */; };
		8EA238FC2846F76E0001AEDA /* plant2.png in Resources */ = {isa = PBXBuildFile; fileRef = 8EA238F72846F76D0001AEDA /* plant2.png */; };
		8EA238FD2846F76E0001AEDA /* logo_bnegro.png in Resources */ = {isa = PBXBuildFile; fileRef = 8EA238F82846F76D0001AEDA /* logo_bnegro.png */; };
		8EA238FE2846F76E0001AEDA /* plant1.png in Resources */ = {isa = PBXBuildFile; fileRef = 8EA238F92846F76D0001AEDA /* plant1.png */; };
		8EA238FF2846F76E0001AEDA /* plant3.jpg in Resources */ = {isa = PBXBuildFile; fileRef = 8EA238FA2846F76E0001AEDA /* plant3.jpg */; };
		8EA239022846F7790001AEDA /* background_inicio.png in Resources */ = {isa = PBXBuildFile; fileRef = 8EA239002846F7790001AEDA /* background_inicio.png */; };
		8EA239032846F7790001AEDA /* aloe_vera_example.png in Resources */ = {isa = PBXBuildFile; fileRef = 8EA239012846F7790001AEDA /* aloe_vera_example.png */; };
		8EA2390C2846FAE10001AEDA /* VHSZf.png in Resources */ = {isa = PBXBuildFile; fileRef = 8EA2390B2846FAE10001AEDA /* VHSZf.png */; };
		8EA2390E2846FEC70001AEDA /* 1946429.png in Resources */ = {isa = PBXBuildFile; fileRef = 8EA2390D2846FEC70001AEDA /* 1946429.png */; };
		8EA23911284701530001AEDA /* bedroom.png in Resources */ = {isa = PBXBuildFile; fileRef = 8EA2390F284701530001AEDA /* bedroom.png */; };
		8EA23912284701530001AEDA /* garden.png in Resources */ = {isa = PBXBuildFile; fileRef = 8EA23910284701530001AEDA /* garden.png */; };
		8EA239152847015B0001AEDA /* rooftop.png in Resources */ = {isa = PBXBuildFile; fileRef = 8EA239132847015B0001AEDA /* rooftop.png */; };
		8EA239162847015B0001AEDA /* livingroom.png in Resources */ = {isa = PBXBuildFile; fileRef = 8EA239142847015B0001AEDA /* livingroom.png */; };
/* End PBXBuildFile section */

/* Begin PBXFileReference section */
		5097A0CA2846E42800565777 /* PlantifyIOS.app */ = {isa = PBXFileReference; explicitFileType = wrapper.application; includeInIndex = 0; path = PlantifyIOS.app; sourceTree = BUILT_PRODUCTS_DIR; };
		5097A0CD2846E42800565777 /* AppDelegate.swift */ = {isa = PBXFileReference; lastKnownFileType = sourcecode.swift; path = AppDelegate.swift; sourceTree = "<group>"; };
		5097A0CF2846E42800565777 /* SceneDelegate.swift */ = {isa = PBXFileReference; lastKnownFileType = sourcecode.swift; path = SceneDelegate.swift; sourceTree = "<group>"; };
		5097A0D12846E42800565777 /* ViewController.swift */ = {isa = PBXFileReference; lastKnownFileType = sourcecode.swift; path = ViewController.swift; sourceTree = "<group>"; };
		5097A0D42846E42800565777 /* Base */ = {isa = PBXFileReference; lastKnownFileType = file.storyboard; name = Base; path = Base.lproj/Main.storyboard; sourceTree = "<group>"; };
		5097A0D62846E42900565777 /* Assets.xcassets */ = {isa = PBXFileReference; lastKnownFileType = folder.assetcatalog; path = Assets.xcassets; sourceTree = "<group>"; };
		5097A0D92846E42900565777 /* Base */ = {isa = PBXFileReference; lastKnownFileType = file.storyboard; name = Base; path = Base.lproj/LaunchScreen.storyboard; sourceTree = "<group>"; };
		5097A0DB2846E42900565777 /* Info.plist */ = {isa = PBXFileReference; lastKnownFileType = text.plist.xml; path = Info.plist; sourceTree = "<group>"; };
		8EA238F62846F76D0001AEDA /* planta.png */ = {isa = PBXFileReference; lastKnownFileType = image.png; path = planta.png; sourceTree = "<group>"; };
		8EA238F72846F76D0001AEDA /* plant2.png */ = {isa = PBXFileReference; lastKnownFileType = image.png; path = plant2.png; sourceTree = "<group>"; };
		8EA238F82846F76D0001AEDA /* logo_bnegro.png */ = {isa = PBXFileReference; lastKnownFileType = image.png; path = logo_bnegro.png; sourceTree = "<group>"; };
		8EA238F92846F76D0001AEDA /* plant1.png */ = {isa = PBXFileReference; lastKnownFileType = image.png; path = plant1.png; sourceTree = "<group>"; };
		8EA238FA2846F76E0001AEDA /* plant3.jpg */ = {isa = PBXFileReference; lastKnownFileType = image.jpeg; path = plant3.jpg; sourceTree = "<group>"; };
		8EA239002846F7790001AEDA /* background_inicio.png */ = {isa = PBXFileReference; lastKnownFileType = image.png; path = background_inicio.png; sourceTree = "<group>"; };
		8EA239012846F7790001AEDA /* aloe_vera_example.png */ = {isa = PBXFileReference; lastKnownFileType = image.png; path = aloe_vera_example.png; sourceTree = "<group>"; };
		8EA2390B2846FAE10001AEDA /* VHSZf.png */ = {isa = PBXFileReference; lastKnownFileType = image.png; name = VHSZf.png; path = ../../../VHSZf.png; sourceTree = "<group>"; };
		8EA2390D2846FEC70001AEDA /* 1946429.png */ = {isa = PBXFileReference; lastKnownFileType = image.png; path = 1946429.png; sourceTree = "<group>"; };
		8EA2390F284701530001AEDA /* bedroom.png */ = {isa = PBXFileReference; lastKnownFileType = image.png; path = bedroom.png; sourceTree = "<group>"; };
		8EA23910284701530001AEDA /* garden.png */ = {isa = PBXFileReference; lastKnownFileType = image.png; path = garden.png; sourceTree = "<group>"; };
		8EA239132847015B0001AEDA /* rooftop.png */ = {isa = PBXFileReference; lastKnownFileType = image.png; path = rooftop.png; sourceTree = "<group>"; };
		8EA239142847015B0001AEDA /* livingroom.png */ = {isa = PBXFileReference; lastKnownFileType = image.png; path = livingroom.png; sourceTree = "<group>"; };
/* End PBXFileReference section */

/* Begin PBXFrameworksBuildPhase section */
		5097A0C72846E42800565777 /* Frameworks */ = {
			isa = PBXFrameworksBuildPhase;
			buildActionMask = 2147483647;
			files = (
			);
			runOnlyForDeploymentPostprocessing = 0;
		};
/* End PBXFrameworksBuildPhase section */

/* Begin PBXGroup section */
		5097A0C12846E42800565777 = {
			isa = PBXGroup;
			children = (
				5097A0CC2846E42800565777 /* PlantifyIOS */,
				5097A0CB2846E42800565777 /* Products */,
			);
			sourceTree = "<group>";
		};
		5097A0CB2846E42800565777 /* Products */ = {
			isa = PBXGroup;
			children = (
				5097A0CA2846E42800565777 /* PlantifyIOS.app */,
			);
			name = Products;
			sourceTree = "<group>";
		};
		5097A0CC2846E42800565777 /* PlantifyIOS */ = {
			isa = PBXGroup;
			children = (
				5097A0CD2846E42800565777 /* AppDelegate.swift */,
				5097A0CF2846E42800565777 /* SceneDelegate.swift */,
				5097A0D12846E42800565777 /* ViewController.swift */,
				5097A0D32846E42800565777 /* Main.storyboard */,
				5097A0D62846E42900565777 /* Assets.xcassets */,
				5097A0D82846E42900565777 /* LaunchScreen.storyboard */,
				5097A0DB2846E42900565777 /* Info.plist */,
				8EA238F82846F76D0001AEDA /* logo_bnegro.png */,
				8EA238F92846F76D0001AEDA /* plant1.png */,
				8EA238F72846F76D0001AEDA /* plant2.png */,
				8EA238FA2846F76E0001AEDA /* plant3.jpg */,
				8EA238F62846F76D0001AEDA /* planta.png */,
				8EA239012846F7790001AEDA /* aloe_vera_example.png */,
				8EA239002846F7790001AEDA /* background_inicio.png */,
				8EA2390B2846FAE10001AEDA /* VHSZf.png */,
				8EA2390D2846FEC70001AEDA /* 1946429.png */,
				8EA2390F284701530001AEDA /* bedroom.png */,
				8EA23910284701530001AEDA /* garden.png */,
				8EA239142847015B0001AEDA /* livingroom.png */,
				8EA239132847015B0001AEDA /* rooftop.png */,
			);
			path = PlantifyIOS;
			sourceTree = "<group>";
		};
/* End PBXGroup section */

/* Begin PBXNativeTarget section */
		5097A0C92846E42800565777 /* PlantifyIOS */ = {
			isa = PBXNativeTarget;
			buildConfigurationList = 5097A0DE2846E42900565777 /* Build configuration list for PBXNativeTarget "PlantifyIOS" */;
			buildPhases = (
				5097A0C62846E42800565777 /* Sources */,
				5097A0C72846E42800565777 /* Frameworks */,
				5097A0C82846E42800565777 /* Resources */,
			);
			buildRules = (
			);
			dependencies = (
			);
			name = PlantifyIOS;
			productName = PlantifyIOS;
			productReference = 5097A0CA2846E42800565777 /* PlantifyIOS.app */;
			productType = "com.apple.product-type.application";
		};
/* End PBXNativeTarget section */

/* Begin PBXProject section */
		5097A0C22846E42800565777 /* Project object */ = {
			isa = PBXProject;
			attributes = {
				BuildIndependentTargetsInParallel = 1;
				LastSwiftUpdateCheck = 1310;
				LastUpgradeCheck = 1310;
				TargetAttributes = {
					5097A0C92846E42800565777 = {
						CreatedOnToolsVersion = 13.1;
					};
				};
			};
			buildConfigurationList = 5097A0C52846E42800565777 /* Build configuration list for PBXProject "PlantifyIOS" */;
			compatibilityVersion = "Xcode 13.0";
			developmentRegion = en;
			hasScannedForEncodings = 0;
			knownRegions = (
				en,
				Base,
			);
			mainGroup = 5097A0C12846E42800565777;
			productRefGroup = 5097A0CB2846E42800565777 /* Products */;
			projectDirPath = "";
			projectRoot = "";
			targets = (
				5097A0C92846E42800565777 /* PlantifyIOS */,
			);
		};
/* End PBXProject section */

/* Begin PBXResourcesBuildPhase section */
		5097A0C82846E42800565777 /* Resources */ = {
			isa = PBXResourcesBuildPhase;
			buildActionMask = 2147483647;
			files = (
				8EA239022846F7790001AEDA /* background_inicio.png in Resources */,
				8EA2390E2846FEC70001AEDA /* 1946429.png in Resources */,
				8EA23911284701530001AEDA /* bedroom.png in Resources */,
				5097A0DA2846E42900565777 /* LaunchScreen.storyboard in Resources */,
				8EA2390C2846FAE10001AEDA /* VHSZf.png in Resources */,
				8EA238FC2846F76E0001AEDA /* plant2.png in Resources */,
				8EA239152847015B0001AEDA /* rooftop.png in Resources */,
				8EA239162847015B0001AEDA /* livingroom.png in Resources */,
				8EA239032846F7790001AEDA /* aloe_vera_example.png in Resources */,
				8EA238FE2846F76E0001AEDA /* plant1.png in Resources */,
				8EA238FF2846F76E0001AEDA /* plant3.jpg in Resources */,
				8EA238FB2846F76E0001AEDA /* planta.png in Resources */,
				5097A0D72846E42900565777 /* Assets.xcassets in Resources */,
				5097A0D52846E42800565777 /* Main.storyboard in Resources */,
				8EA23912284701530001AEDA /* garden.png in Resources */,
				8EA238FD2846F76E0001AEDA /* logo_bnegro.png in Resources */,
			);
			runOnlyForDeploymentPostprocessing = 0;
		};
/* End PBXResourcesBuildPhase section */

/* Begin PBXSourcesBuildPhase section */
		5097A0C62846E42800565777 /* Sources */ = {
			isa = PBXSourcesBuildPhase;
			buildActionMask = 2147483647;
			files = (
				5097A0D22846E42800565777 /* ViewController.swift in Sources */,
				5097A0CE2846E42800565777 /* AppDelegate.swift in Sources */,
				5097A0D02846E42800565777 /* SceneDelegate.swift in Sources */,
			);
			runOnlyForDeploymentPostprocessing = 0;
		};
/* End PBXSourcesBuildPhase section */

/* Begin PBXVariantGroup section */
		5097A0D32846E42800565777 /* Main.storyboard */ = {
			isa = PBXVariantGroup;
			children = (
				5097A0D42846E42800565777 /* Base */,
			);
			name = Main.storyboard;
			sourceTree = "<group>";
		};
		5097A0D82846E42900565777 /* LaunchScreen.storyboard */ = {
			isa = PBXVariantGroup;
			children = (
				5097A0D92846E42900565777 /* Base */,
			);
			name = LaunchScreen.storyboard;
			sourceTree = "<group>";
		};
/* End PBXVariantGroup section */

/* Begin XCBuildConfiguration section */
		5097A0DC2846E42900565777 /* Debug */ = {
			isa = XCBuildConfiguration;
			buildSettings = {
				ALWAYS_SEARCH_USER_PATHS = NO;
				CLANG_ANALYZER_NONNULL = YES;
				CLANG_ANALYZER_NUMBER_OBJECT_CONVERSION = YES_AGGRESSIVE;
				CLANG_CXX_LANGUAGE_STANDARD = "gnu++17";
				CLANG_CXX_LIBRARY = "libc++";
				CLANG_ENABLE_MODULES = YES;
				CLANG_ENABLE_OBJC_ARC = YES;
				CLANG_ENABLE_OBJC_WEAK = YES;
				CLANG_WARN_BLOCK_CAPTURE_AUTORELEASING = YES;
				CLANG_WARN_BOOL_CONVERSION = YES;
				CLANG_WARN_COMMA = YES;
				CLANG_WARN_CONSTANT_CONVERSION = YES;
				CLANG_WARN_DEPRECATED_OBJC_IMPLEMENTATIONS = YES;
				CLANG_WARN_DIRECT_OBJC_ISA_USAGE = YES_ERROR;
				CLANG_WARN_DOCUMENTATION_COMMENTS = YES;
				CLANG_WARN_EMPTY_BODY = YES;
				CLANG_WARN_ENUM_CONVERSION = YES;
				CLANG_WARN_INFINITE_RECURSION = YES;
				CLANG_WARN_INT_CONVERSION = YES;
				CLANG_WARN_NON_LITERAL_NULL_CONVERSION = YES;
				CLANG_WARN_OBJC_IMPLICIT_RETAIN_SELF = YES;
				CLANG_WARN_OBJC_LITERAL_CONVERSION = YES;
				CLANG_WARN_OBJC_ROOT_CLASS = YES_ERROR;
				CLANG_WARN_QUOTED_INCLUDE_IN_FRAMEWORK_HEADER = YES;
				CLANG_WARN_RANGE_LOOP_ANALYSIS = YES;
				CLANG_WARN_STRICT_PROTOTYPES = YES;
				CLANG_WARN_SUSPICIOUS_MOVE = YES;
				CLANG_WARN_UNGUARDED_AVAILABILITY = YES_AGGRESSIVE;
				CLANG_WARN_UNREACHABLE_CODE = YES;
				CLANG_WARN__DUPLICATE_METHOD_MATCH = YES;
				COPY_PHASE_STRIP = NO;
				DEBUG_INFORMATION_FORMAT = dwarf;
				ENABLE_STRICT_OBJC_MSGSEND = YES;
				ENABLE_TESTABILITY = YES;
				GCC_C_LANGUAGE_STANDARD = gnu11;
				GCC_DYNAMIC_NO_PIC = NO;
				GCC_NO_COMMON_BLOCKS = YES;
				GCC_OPTIMIZATION_LEVEL = 0;
				GCC_PREPROCESSOR_DEFINITIONS = (
					"DEBUG=1",
					"$(inherited)",
				);
				GCC_WARN_64_TO_32_BIT_CONVERSION = YES;
				GCC_WARN_ABOUT_RETURN_TYPE = YES_ERROR;
				GCC_WARN_UNDECLARED_SELECTOR = YES;
				GCC_WARN_UNINITIALIZED_AUTOS = YES_AGGRESSIVE;
				GCC_WARN_UNUSED_FUNCTION = YES;
				GCC_WARN_UNUSED_VARIABLE = YES;
				IPHONEOS_DEPLOYMENT_TARGET = 15.0;
				MTL_ENABLE_DEBUG_INFO = INCLUDE_SOURCE;
				MTL_FAST_MATH = YES;
				ONLY_ACTIVE_ARCH = YES;
				SDKROOT = iphoneos;
				SWIFT_ACTIVE_COMPILATION_CONDITIONS = DEBUG;
				SWIFT_OPTIMIZATION_LEVEL = "-Onone";
			};
			name = Debug;
		};
		5097A0DD2846E42900565777 /* Release */ = {
			isa = XCBuildConfiguration;
			buildSettings = {
				ALWAYS_SEARCH_USER_PATHS = NO;
				CLANG_ANALYZER_NONNULL = YES;
				CLANG_ANALYZER_NUMBER_OBJECT_CONVERSION = YES_AGGRESSIVE;
				CLANG_CXX_LANGUAGE_STANDARD = "gnu++17";
				CLANG_CXX_LIBRARY = "libc++";
				CLANG_ENABLE_MODULES = YES;
				CLANG_ENABLE_OBJC_ARC = YES;
				CLANG_ENABLE_OBJC_WEAK = YES;
				CLANG_WARN_BLOCK_CAPTURE_AUTORELEASING = YES;
				CLANG_WARN_BOOL_CONVERSION = YES;
				CLANG_WARN_COMMA = YES;
				CLANG_WARN_CONSTANT_CONVERSION = YES;
				CLANG_WARN_DEPRECATED_OBJC_IMPLEMENTATIONS = YES;
				CLANG_WARN_DIRECT_OBJC_ISA_USAGE = YES_ERROR;
				CLANG_WARN_DOCUMENTATION_COMMENTS = YES;
				CLANG_WARN_EMPTY_BODY = YES;
				CLANG_WARN_ENUM_CONVERSION = YES;
				CLANG_WARN_INFINITE_RECURSION = YES;
				CLANG_WARN_INT_CONVERSION = YES;
				CLANG_WARN_NON_LITERAL_NULL_CONVERSION = YES;
				CLANG_WARN_OBJC_IMPLICIT_RETAIN_SELF = YES;
				CLANG_WARN_OBJC_LITERAL_CONVERSION = YES;
				CLANG_WARN_OBJC_ROOT_CLASS = YES_ERROR;
				CLANG_WARN_QUOTED_INCLUDE_IN_FRAMEWORK_HEADER = YES;
				CLANG_WARN_RANGE_LOOP_ANALYSIS = YES;
				CLANG_WARN_STRICT_PROTOTYPES = YES;
				CLANG_WARN_SUSPICIOUS_MOVE = YES;
				CLANG_WARN_UNGUARDED_AVAILABILITY = YES_AGGRESSIVE;
				CLANG_WARN_UNREACHABLE_CODE = YES;
				CLANG_WARN__DUPLICATE_METHOD_MATCH = YES;
				COPY_PHASE_STRIP = NO;
				DEBUG_INFORMATION_FORMAT = "dwarf-with-dsym";
				ENABLE_NS_ASSERTIONS = NO;
				ENABLE_STRICT_OBJC_MSGSEND = YES;
				GCC_C_LANGUAGE_STANDARD = gnu11;
				GCC_NO_COMMON_BLOCKS = YES;
				GCC_WARN_64_TO_32_BIT_CONVERSION = YES;
				GCC_WARN_ABOUT_RETURN_TYPE = YES_ERROR;
				GCC_WARN_UNDECLARED_SELECTOR = YES;
				GCC_WARN_UNINITIALIZED_AUTOS = YES_AGGRESSIVE;
				GCC_WARN_UNUSED_FUNCTION = YES;
				GCC_WARN_UNUSED_VARIABLE = YES;
				IPHONEOS_DEPLOYMENT_TARGET = 15.0;
				MTL_ENABLE_DEBUG_INFO = NO;
				MTL_FAST_MATH = YES;
				SDKROOT = iphoneos;
				SWIFT_COMPILATION_MODE = wholemodule;
				SWIFT_OPTIMIZATION_LEVEL = "-O";
				VALIDATE_PRODUCT = YES;
			};
			name = Release;
		};
		5097A0DF2846E42900565777 /* Debug */ = {
			isa = XCBuildConfiguration;
			buildSettings = {
				ASSETCATALOG_COMPILER_APPICON_NAME = AppIcon;
				ASSETCATALOG_COMPILER_GLOBAL_ACCENT_COLOR_NAME = AccentColor;
				CODE_SIGN_STYLE = Automatic;
				CURRENT_PROJECT_VERSION = 1;
				GENERATE_INFOPLIST_FILE = YES;
				INFOPLIST_FILE = PlantifyIOS/Info.plist;
				INFOPLIST_KEY_UIApplicationSupportsIndirectInputEvents = YES;
				INFOPLIST_KEY_UILaunchStoryboardName = LaunchScreen;
				INFOPLIST_KEY_UIMainStoryboardFile = Main;
				INFOPLIST_KEY_UISupportedInterfaceOrientations_iPad = "UIInterfaceOrientationPortrait UIInterfaceOrientationPortraitUpsideDown UIInterfaceOrientationLandscapeLeft UIInterfaceOrientationLandscapeRight";
				INFOPLIST_KEY_UISupportedInterfaceOrientations_iPhone = "UIInterfaceOrientationPortrait UIInterfaceOrientationLandscapeLeft UIInterfaceOrientationLandscapeRight";
				LD_RUNPATH_SEARCH_PATHS = (
					"$(inherited)",
					"@executable_path/Frameworks",
				);
				MARKETING_VERSION = 1.0;
				PRODUCT_BUNDLE_IDENTIFIER = mx.itesm.bcr.PlantifyIOS;
				PRODUCT_NAME = "$(TARGET_NAME)";
				SWIFT_EMIT_LOC_STRINGS = YES;
				SWIFT_VERSION = 5.0;
				TARGETED_DEVICE_FAMILY = "1,2";
			};
			name = Debug;
		};
		5097A0E02846E42900565777 /* Release */ = {
			isa = XCBuildConfiguration;
			buildSettings = {
				ASSETCATALOG_COMPILER_APPICON_NAME = AppIcon;
				ASSETCATALOG_COMPILER_GLOBAL_ACCENT_COLOR_NAME = AccentColor;
				CODE_SIGN_STYLE = Automatic;
				CURRENT_PROJECT_VERSION = 1;
				GENERATE_INFOPLIST_FILE = YES;
				INFOPLIST_FILE = PlantifyIOS/Info.plist;
				INFOPLIST_KEY_UIApplicationSupportsIndirectInputEvents = YES;
				INFOPLIST_KEY_UILaunchStoryboardName = LaunchScreen;
				INFOPLIST_KEY_UIMainStoryboardFile = Main;
				INFOPLIST_KEY_UISupportedInterfaceOrientations_iPad = "UIInterfaceOrientationPortrait UIInterfaceOrientationPortraitUpsideDown UIInterfaceOrientationLandscapeLeft UIInterfaceOrientationLandscapeRight";
				INFOPLIST_KEY_UISupportedInterfaceOrientations_iPhone = "UIInterfaceOrientationPortrait UIInterfaceOrientationLandscapeLeft UIInterfaceOrientationLandscapeRight";
				LD_RUNPATH_SEARCH_PATHS = (
					"$(inherited)",
					"@executable_path/Frameworks",
				);
				MARKETING_VERSION = 1.0;
				PRODUCT_BUNDLE_IDENTIFIER = mx.itesm.bcr.PlantifyIOS;
				PRODUCT_NAME = "$(TARGET_NAME)";
				SWIFT_EMIT_LOC_STRINGS = YES;
				SWIFT_VERSION = 5.0;
				TARGETED_DEVICE_FAMILY = "1,2";
			};
			name = Release;
		};
/* End XCBuildConfiguration section */

/* Begin XCConfigurationList section */
		5097A0C52846E42800565777 /* Build configuration list for PBXProject "PlantifyIOS" */ = {
			isa = XCConfigurationList;
			buildConfigurations = (
				5097A0DC2846E42900565777 /* Debug */,
				5097A0DD2846E42900565777 /* Release */,
			);
			defaultConfigurationIsVisible = 0;
			defaultConfigurationName = Release;
		};
		5097A0DE2846E42900565777 /* Build configuration list for PBXNativeTarget "PlantifyIOS" */ = {
			isa = XCConfigurationList;
			buildConfigurations = (
				5097A0DF2846E42900565777 /* Debug */,
				5097A0E02846E42900565777 /* Release */,
			);
			defaultConfigurationIsVisible = 0;
			defaultConfigurationName = Release;
		};
/* End XCConfigurationList section */
	};
	rootObject = 5097A0C22846E42800565777 /* Project object */;
}
